
Microsoft Visual Studio Solution File, Format Version 12.00
# Visual Studio Version 17
VisualStudioVersion = 17.6.33829.357
MinimumVisualStudioVersion = 10.0.40219.1
Project("{9A19103F-16F7-4668-BE54-9A1E7A4F7556}") = "Lab0", "Lab0\Lab0.csproj", "{C284BB6F-10BF-43AF-990D-BCE76A70C765}"
EndProject
Project("{9A19103F-16F7-4668-BE54-9A1E7A4F7556}") = "Lab1", "Lab1\Lab1.csproj", "{AA58FDF4-829A-4C8C-94AD-0B641052E94A}"
EndProject
Project("{9A19103F-16F7-4668-BE54-9A1E7A4F7556}") = "GameEngine", "GameEngine\GameEngine.csproj", "{9704FEBC-A551-4335-B035-ED9D614FABA6}"
EndProject
Project("{9A19103F-16F7-4668-BE54-9A1E7A4F7556}") = "Lab2", "Lab2\Lab2.csproj", "{F4F63661-7238-4B0F-9FBE-BE8CBFA8081F}"
EndProject
Project("{9A19103F-16F7-4668-BE54-9A1E7A4F7556}") = "Lab3", "Lab3\Lab3.csproj", "{A6D15B0D-4901-419C-91B8-6D532CDF7C4B}"
EndProject
Project("{9A19103F-16F7-4668-BE54-9A1E7A4F7556}") = "Lab4", "Lab4\Lab4.csproj", "{C2DAAC97-0770-4FC6-AB5F-43D319EBE782}"
EndProject
Project("{9A19103F-16F7-4668-BE54-9A1E7A4F7556}") = "Assignment1", "Assignment1\Assignment1.csproj", "{78927E4F-EBB5-46E2-B3F8-848C517C418C}"
EndProject
Project("{9A19103F-16F7-4668-BE54-9A1E7A4F7556}") = "Assignment2", "Assignment2\Assignment2.csproj", "{7485394E-97ED-46B0-8ED9-52ED5BAD1FF9}"
EndProject
Project("{9A19103F-16F7-4668-BE54-9A1E7A4F7556}") = "Lab6", "Lab6\Lab6.csproj", "{BA864D1B-71EE-4F70-B13E-156FEDCF352D}"
EndProject
Project("{9A19103F-16F7-4668-BE54-9A1E7A4F7556}") = "Lab7", "Lab7\Lab7.csproj", "{90F60E22-21C9-4AF1-9670-7897954D293D}"
EndProject
Project("{9A19103F-16F7-4668-BE54-9A1E7A4F7556}") = "Lab05", "Lab05\Lab05.csproj", "{80FEC2AC-D3A1-4887-B5CE-121ADF2AC25C}"
EndProject
Project("{9A19103F-16F7-4668-BE54-9A1E7A4F7556}") = "Lab9", "Lab9\Lab9.csproj", "{C4B5909D-6323-4711-8795-9508ED25A718}"
EndProject
Project("{9A19103F-16F7-4668-BE54-9A1E7A4F7556}") = "Assignment3", "Assignment3\Assignment3.csproj", "{35D6BEC1-5C79-43B2-AC57-21F320255115}"
EndProject
Project("{9A19103F-16F7-4668-BE54-9A1E7A4F7556}") = "Lab8", "Lab8\Lab8.csproj", "{56F78195-1342-45C2-A5DB-FC7B80B6729D}"
EndProject
Project("{9A19103F-16F7-4668-BE54-9A1E7A4F7556}") = "Lab10", "Lab10\Lab10.csproj", "{B5B51705-43A6-4B66-9382-6766D3C99EA4}"
EndProject
Project("{9A19103F-16F7-4668-BE54-9A1E7A4F7556}") = "Game1", "Game1\Game1.csproj", "{C0708BF0-BAA0-4F77-B2E6-136630F8DDD4}"
EndProject
Project("{9A19103F-16F7-4668-BE54-9A1E7A4F7556}") = "Assignment4", "Assignment4\Assignment4.csproj", "{7F918A11-BE51-4C87-BC01-C8E1EBF1056B}"
EndProject
Project("{FAE04EC0-301F-11D3-BF4B-00C04F79EFBC}") = "Lab11", "Lab11\Lab11.csproj", "{14058568-53D7-48DE-9542-ECD08117F49A}"
EndProject
Project("{FAE04EC0-301F-11D3-BF4B-00C04F79EFBC}") = "Assignment5", "Assignment5\Assignment5.csproj", "{6F7930D9-5B7E-4ED9-AD63-203302167D82}"
EndProject
Global
	GlobalSection(SolutionConfigurationPlatforms) = preSolution
		Debug|Any CPU = Debug|Any CPU
		Release|Any CPU = Release|Any CPU
	EndGlobalSection
	GlobalSection(ProjectConfigurationPlatforms) = postSolution
		{C284BB6F-10BF-43AF-990D-BCE76A70C765}.Debug|Any CPU.ActiveCfg = Debug|Any CPU
		{C284BB6F-10BF-43AF-990D-BCE76A70C765}.Debug|Any CPU.Build.0 = Debug|Any CPU
		{C284BB6F-10BF-43AF-990D-BCE76A70C765}.Release|Any CPU.ActiveCfg = Release|Any CPU
		{C284BB6F-10BF-43AF-990D-BCE76A70C765}.Release|Any CPU.Build.0 = Release|Any CPU
		{AA58FDF4-829A-4C8C-94AD-0B641052E94A}.Debug|Any CPU.ActiveCfg = Debug|Any CPU
		{AA58FDF4-829A-4C8C-94AD-0B641052E94A}.Debug|Any CPU.Build.0 = Debug|Any CPU
		{AA58FDF4-829A-4C8C-94AD-0B641052E94A}.Release|Any CPU.ActiveCfg = Release|Any CPU
		{AA58FDF4-829A-4C8C-94AD-0B641052E94A}.Release|Any CPU.Build.0 = Release|Any CPU
		{9704FEBC-A551-4335-B035-ED9D614FABA6}.Debug|Any CPU.ActiveCfg = Debug|Any CPU
		{9704FEBC-A551-4335-B035-ED9D614FABA6}.Debug|Any CPU.Build.0 = Debug|Any CPU
		{9704FEBC-A551-4335-B035-ED9D614FABA6}.Release|Any CPU.ActiveCfg = Release|Any CPU
		{9704FEBC-A551-4335-B035-ED9D614FABA6}.Release|Any CPU.Build.0 = Release|Any CPU
		{F4F63661-7238-4B0F-9FBE-BE8CBFA8081F}.Debug|Any CPU.ActiveCfg = Debug|Any CPU
		{F4F63661-7238-4B0F-9FBE-BE8CBFA8081F}.Debug|Any CPU.Build.0 = Debug|Any CPU
		{F4F63661-7238-4B0F-9FBE-BE8CBFA8081F}.Release|Any CPU.ActiveCfg = Release|Any CPU
		{F4F63661-7238-4B0F-9FBE-BE8CBFA8081F}.Release|Any CPU.Build.0 = Release|Any CPU
		{A6D15B0D-4901-419C-91B8-6D532CDF7C4B}.Debug|Any CPU.ActiveCfg = Debug|Any CPU
		{A6D15B0D-4901-419C-91B8-6D532CDF7C4B}.Debug|Any CPU.Build.0 = Debug|Any CPU
		{A6D15B0D-4901-419C-91B8-6D532CDF7C4B}.Release|Any CPU.ActiveCfg = Release|Any CPU
		{A6D15B0D-4901-419C-91B8-6D532CDF7C4B}.Release|Any CPU.Build.0 = Release|Any CPU
		{C2DAAC97-0770-4FC6-AB5F-43D319EBE782}.Debug|Any CPU.ActiveCfg = Debug|Any CPU
		{C2DAAC97-0770-4FC6-AB5F-43D319EBE782}.Debug|Any CPU.Build.0 = Debug|Any CPU
		{C2DAAC97-0770-4FC6-AB5F-43D319EBE782}.Release|Any CPU.ActiveCfg = Release|Any CPU
		{C2DAAC97-0770-4FC6-AB5F-43D319EBE782}.Release|Any CPU.Build.0 = Release|Any CPU
		{78927E4F-EBB5-46E2-B3F8-848C517C418C}.Debug|Any CPU.ActiveCfg = Debug|Any CPU
		{78927E4F-EBB5-46E2-B3F8-848C517C418C}.Debug|Any CPU.Build.0 = Debug|Any CPU
		{78927E4F-EBB5-46E2-B3F8-848C517C418C}.Release|Any CPU.ActiveCfg = Release|Any CPU
		{78927E4F-EBB5-46E2-B3F8-848C517C418C}.Release|Any CPU.Build.0 = Release|Any CPU
		{7485394E-97ED-46B0-8ED9-52ED5BAD1FF9}.Debug|Any CPU.ActiveCfg = Debug|Any CPU
		{7485394E-97ED-46B0-8ED9-52ED5BAD1FF9}.Debug|Any CPU.Build.0 = Debug|Any CPU
		{7485394E-97ED-46B0-8ED9-52ED5BAD1FF9}.Release|Any CPU.ActiveCfg = Release|Any CPU
		{7485394E-97ED-46B0-8ED9-52ED5BAD1FF9}.Release|Any CPU.Build.0 = Release|Any CPU
		{BA864D1B-71EE-4F70-B13E-156FEDCF352D}.Debug|Any CPU.ActiveCfg = Debug|Any CPU
		{BA864D1B-71EE-4F70-B13E-156FEDCF352D}.Debug|Any CPU.Build.0 = Debug|Any CPU
		{BA864D1B-71EE-4F70-B13E-156FEDCF352D}.Release|Any CPU.ActiveCfg = Release|Any CPU
		{BA864D1B-71EE-4F70-B13E-156FEDCF352D}.Release|Any CPU.Build.0 = Release|Any CPU
		{90F60E22-21C9-4AF1-9670-7897954D293D}.Debug|Any CPU.ActiveCfg = Debug|Any CPU
		{90F60E22-21C9-4AF1-9670-7897954D293D}.Debug|Any CPU.Build.0 = Debug|Any CPU
		{90F60E22-21C9-4AF1-9670-7897954D293D}.Release|Any CPU.ActiveCfg = Release|Any CPU
		{90F60E22-21C9-4AF1-9670-7897954D293D}.Release|Any CPU.Build.0 = Release|Any CPU
		{80FEC2AC-D3A1-4887-B5CE-121ADF2AC25C}.Debug|Any CPU.ActiveCfg = Debug|Any CPU
		{80FEC2AC-D3A1-4887-B5CE-121ADF2AC25C}.Debug|Any CPU.Build.0 = Debug|Any CPU
		{80FEC2AC-D3A1-4887-B5CE-121ADF2AC25C}.Release|Any CPU.ActiveCfg = Release|Any CPU
		{80FEC2AC-D3A1-4887-B5CE-121ADF2AC25C}.Release|Any CPU.Build.0 = Release|Any CPU
		{C4B5909D-6323-4711-8795-9508ED25A718}.Debug|Any CPU.ActiveCfg = Debug|Any CPU
		{C4B5909D-6323-4711-8795-9508ED25A718}.Debug|Any CPU.Build.0 = Debug|Any CPU
		{C4B5909D-6323-4711-8795-9508ED25A718}.Release|Any CPU.ActiveCfg = Release|Any CPU
		{C4B5909D-6323-4711-8795-9508ED25A718}.Release|Any CPU.Build.0 = Release|Any CPU
		{35D6BEC1-5C79-43B2-AC57-21F320255115}.Debug|Any CPU.ActiveCfg = Debug|Any CPU
		{35D6BEC1-5C79-43B2-AC57-21F320255115}.Debug|Any CPU.Build.0 = Debug|Any CPU
		{35D6BEC1-5C79-43B2-AC57-21F320255115}.Release|Any CPU.ActiveCfg = Release|Any CPU
		{35D6BEC1-5C79-43B2-AC57-21F320255115}.Release|Any CPU.Build.0 = Release|Any CPU
		{56F78195-1342-45C2-A5DB-FC7B80B6729D}.Debug|Any CPU.ActiveCfg = Debug|Any CPU
		{56F78195-1342-45C2-A5DB-FC7B80B6729D}.Debug|Any CPU.Build.0 = Debug|Any CPU
		{56F78195-1342-45C2-A5DB-FC7B80B6729D}.Release|Any CPU.ActiveCfg = Release|Any CPU
		{56F78195-1342-45C2-A5DB-FC7B80B6729D}.Release|Any CPU.Build.0 = Release|Any CPU
		{B5B51705-43A6-4B66-9382-6766D3C99EA4}.Debug|Any CPU.ActiveCfg = Debug|Any CPU
		{B5B51705-43A6-4B66-9382-6766D3C99EA4}.Debug|Any CPU.Build.0 = Debug|Any CPU
		{B5B51705-43A6-4B66-9382-6766D3C99EA4}.Release|Any CPU.ActiveCfg = Release|Any CPU
		{B5B51705-43A6-4B66-9382-6766D3C99EA4}.Release|Any CPU.Build.0 = Release|Any CPU
		{C0708BF0-BAA0-4F77-B2E6-136630F8DDD4}.Debug|Any CPU.ActiveCfg = Debug|Any CPU
		{C0708BF0-BAA0-4F77-B2E6-136630F8DDD4}.Debug|Any CPU.Build.0 = Debug|Any CPU
		{C0708BF0-BAA0-4F77-B2E6-136630F8DDD4}.Release|Any CPU.ActiveCfg = Release|Any CPU
		{C0708BF0-BAA0-4F77-B2E6-136630F8DDD4}.Release|Any CPU.Build.0 = Release|Any CPU
		{7F918A11-BE51-4C87-BC01-C8E1EBF1056B}.Debug|Any CPU.ActiveCfg = Debug|Any CPU
		{7F918A11-BE51-4C87-BC01-C8E1EBF1056B}.Debug|Any CPU.Build.0 = Debug|Any CPU
		{7F918A11-BE51-4C87-BC01-C8E1EBF1056B}.Release|Any CPU.ActiveCfg = Release|Any CPU
		{7F918A11-BE51-4C87-BC01-C8E1EBF1056B}.Release|Any CPU.Build.0 = Release|Any CPU
		{14058568-53D7-48DE-9542-ECD08117F49A}.Debug|Any CPU.ActiveCfg = Debug|Any CPU
		{14058568-53D7-48DE-9542-ECD08117F49A}.Debug|Any CPU.Build.0 = Debug|Any CPU
		{14058568-53D7-48DE-9542-ECD08117F49A}.Release|Any CPU.ActiveCfg = Release|Any CPU
		{14058568-53D7-48DE-9542-ECD08117F49A}.Release|Any CPU.Build.0 = Release|Any CPU
		{6F7930D9-5B7E-4ED9-AD63-203302167D82}.Debug|Any CPU.ActiveCfg = Debug|Any CPU
		{6F7930D9-5B7E-4ED9-AD63-203302167D82}.Debug|Any CPU.Build.0 = Debug|Any CPU
		{6F7930D9-5B7E-4ED9-AD63-203302167D82}.Release|Any CPU.ActiveCfg = Release|Any CPU
		{6F7930D9-5B7E-4ED9-AD63-203302167D82}.Release|Any CPU.Build.0 = Release|Any CPU
	EndGlobalSection
	GlobalSection(SolutionProperties) = preSolution
		HideSolutionNode = FALSE
	EndGlobalSection
	GlobalSection(ExtensibilityGlobals) = postSolution
		SolutionGuid = {15FBF607-0131-47F4-8BCC-B6BEFFA31B72}
	EndGlobalSection
EndGlobal
